PODS:
  - Alamofire (4.3.0)
  - Firebase (3.13.0):
    - Firebase/Core (= 3.13.0)
  - Firebase/Core (3.13.0):
    - FirebaseAnalytics (= 3.7.0)
    - FirebaseCore (= 3.5.0)
  - FirebaseAnalytics (3.7.0):
    - FirebaseCore (~> 3.5)
    - FirebaseInstanceID (~> 1.0)
    - GoogleToolboxForMac/NSData+zlib (~> 2.1)
  - FirebaseCore (3.5.0):
    - GoogleToolboxForMac/NSData+zlib (~> 2.1)
  - FirebaseInstanceID (1.0.9)
  - GoogleToolboxForMac/Defines (2.1.1)
  - GoogleToolboxForMac/NSData+zlib (2.1.1):
    - GoogleToolboxForMac/Defines (= 2.1.1)
  - Kingfisher (3.4.0)
  - ObjectMapper (2.2.2)
  - Realm (2.4.2):
    - Realm/Headers (= 2.4.2)
  - Realm/Headers (2.4.2)
  - RealmSwift (2.4.2):
    - Realm (= 2.4.2)
  - RxCocoa (3.2.0):
    - RxSwift (~> 3.1)
  - RxRealm (0.5.1):
    - RealmSwift (~> 2.2)
    - RxSwift (~> 3.1)
  - RxSwift (3.2.0)
  - Swarkn (0.1.7)

DEPENDENCIES:
  - Alamofire
  - Firebase
  - Kingfisher
  - ObjectMapper
  - RealmSwift
  - RxCocoa
  - RxRealm
  - RxSwift
  - Swarkn

SPEC CHECKSUMS:
  Alamofire: 856a113053a7bc9cbe5d6367a555d773fc5cfef7
  Firebase: 5bc34d7b5ff5792e3386c8b28dc6265deeab0da4
  FirebaseAnalytics: 0d1b7d81d5021155be37702a94ba1ec16d45365d
  FirebaseCore: 1c0a13bf59bb95cdd19577252499f0ec6a03e999
  FirebaseInstanceID: 2d0518b1378fe9d685ef40cbdd63d2fdc1125339
  GoogleToolboxForMac: 8e329f1b599f2512c6b10676d45736bcc2cbbeb0
  Kingfisher: 5690cfb3d1bddf3a98d679a3a34d0b7294974ed2
  ObjectMapper: 9e385c2295bcc4e16eabbcfc85db801442bba545
  Realm: d27b758e12d62a3371879a065d4c40aa212c5a54
  RealmSwift: 9556c0fe0f0cfecacfb755ae9e68ff379fc6bead
  RxCocoa: ccdf43101a70407097a29082f648ba1676075b30
  RxRealm: c80d17d42fc362f4d8af4ac62de360b014be5c3f
  RxSwift: 46574f70d416b7923c237195939cc488a7fbf3a0
  Swarkn: bc319c4118cd306cba235a983f30536c4edc31ed

PODFILE CHECKSUM: 982baccca26d73bc64b2d9400dc03a573a676cb7

COCOAPODS: 1.2.0
